{
  "originHash" : "c66ab6a9d7e557372639237c32cbb7bfed421659718bdcd4dc7456a280dfd978",
  "pins" : [
    {
      "identity" : "iopowersources.swift",
      "kind" : "remoteSourceControl",
      "location" : "https://github.com/yaslab/IOPowerSources.swift.git",
      "state" : {
        "branch" : "main",
        "revision" : "1e49a12c5c2cbaa6d8d74f1cffcaa2c464cf85d6"
      }
    }
  ],
  "version" : 3
}
