// !$*UTF8*$!
{
	archiveVersion = 1;
	classes = {
	};
	objectVersion = 55;
	objects = {

/* Begin PBXBuildFile section */
		0E04A62F28C3AA24005FC40A /* DIContainer.swift in Sources */ = {isa = PBXBuildFile; fileRef = 0E04A62E28C3AA24005FC40A /* DIContainer.swift */; };
		0E0D1E7C28BA4999005B9693 /* WattApp.swift in Sources */ = {isa = PBXBuildFile; fileRef = 0E0D1E7B28BA4999005B9693 /* WattApp.swift */; };
		0E0D1E8028BA499A005B9693 /* Assets.xcassets in Resources */ = {isa = PBXBuildFile; fileRef = 0E0D1E7F28BA499A005B9693 /* Assets.xcassets */; };
		0E0D1E8C28BA4BFB005B9693 /* WattAppDelegate.swift in Sources */ = {isa = PBXBuildFile; fileRef = 0E0D1E8B28BA4BFB005B9693 /* WattAppDelegate.swift */; };
		0E0D1E8E28BA4C14005B9693 /* WattAppController.swift in Sources */ = {isa = PBXBuildFile; fileRef = 0E0D1E8D28BA4C14005B9693 /* WattAppController.swift */; };
		0E0D1EA028BA5713005B9693 /* PowerSourceType.swift in Sources */ = {isa = PBXBuildFile; fileRef = 0E0D1E9128BA5713005B9693 /* PowerSourceType.swift */; };
		0E0D1EA128BA5713005B9693 /* TransportType.swift in Sources */ = {isa = PBXBuildFile; fileRef = 0E0D1E9228BA5713005B9693 /* TransportType.swift */; };
		0E0D1EA228BA5713005B9693 /* TimeRemainingEstimate.swift in Sources */ = {isa = PBXBuildFile; fileRef = 0E0D1E9328BA5713005B9693 /* TimeRemainingEstimate.swift */; };
		0E0D1EA328BA5713005B9693 /* ProvidingPowerSourceType.swift in Sources */ = {isa = PBXBuildFile; fileRef = 0E0D1E9428BA5713005B9693 /* ProvidingPowerSourceType.swift */; };
		0E0D1EA428BA5713005B9693 /* PowerSourceDescription.swift in Sources */ = {isa = PBXBuildFile; fileRef = 0E0D1E9528BA5713005B9693 /* PowerSourceDescription.swift */; };
		0E0D1EA528BA5713005B9693 /* LowBatteryWarningLevel.swift in Sources */ = {isa = PBXBuildFile; fileRef = 0E0D1E9628BA5713005B9693 /* LowBatteryWarningLevel.swift */; };
		0E0D1EA628BA5713005B9693 /* ExternalPowerAdapterDetails.swift in Sources */ = {isa = PBXBuildFile; fileRef = 0E0D1E9728BA5713005B9693 /* ExternalPowerAdapterDetails.swift */; };
		0E0D1EA728BA5713005B9693 /* PowerSource.swift in Sources */ = {isa = PBXBuildFile; fileRef = 0E0D1E9828BA5713005B9693 /* PowerSource.swift */; };
		0E0D1EA828BA5713005B9693 /* PowerSourceState.swift in Sources */ = {isa = PBXBuildFile; fileRef = 0E0D1E9928BA5713005B9693 /* PowerSourceState.swift */; };
		0E0D1EA928BA5713005B9693 /* Notification+RunLoop.swift in Sources */ = {isa = PBXBuildFile; fileRef = 0E0D1E9B28BA5713005B9693 /* Notification+RunLoop.swift */; };
		0E0D1EAA28BA5713005B9693 /* NotificationName.swift in Sources */ = {isa = PBXBuildFile; fileRef = 0E0D1E9C28BA5713005B9693 /* NotificationName.swift */; };
		0E0D1EAB28BA5713005B9693 /* Notification+Notify.swift in Sources */ = {isa = PBXBuildFile; fileRef = 0E0D1E9D28BA5713005B9693 /* Notification+Notify.swift */; };
		0E0D1EAC28BA5713005B9693 /* Notification+Combine.swift in Sources */ = {isa = PBXBuildFile; fileRef = 0E0D1E9E28BA5713005B9693 /* Notification+Combine.swift */; };
		0E0D1EAD28BA5713005B9693 /* Notification+Concurrency.swift in Sources */ = {isa = PBXBuildFile; fileRef = 0E0D1E9F28BA5713005B9693 /* Notification+Concurrency.swift */; };
		0E0D1EAF28BA6488005B9693 /* StatusItemManager.swift in Sources */ = {isa = PBXBuildFile; fileRef = 0E0D1EAE28BA6488005B9693 /* StatusItemManager.swift */; };
		0E0D1EB328BA6889005B9693 /* PowerAdapterInformationView.swift in Sources */ = {isa = PBXBuildFile; fileRef = 0E0D1EB228BA6889005B9693 /* PowerAdapterInformationView.swift */; };
		0E0D1EB528BA6895005B9693 /* PowerAdapterInformationViewModel.swift in Sources */ = {isa = PBXBuildFile; fileRef = 0E0D1EB428BA6895005B9693 /* PowerAdapterInformationViewModel.swift */; };
		0E0D1EB828BA6A43005B9693 /* QuitView.swift in Sources */ = {isa = PBXBuildFile; fileRef = 0E0D1EB728BA6A43005B9693 /* QuitView.swift */; };
		0E0D1EBA28BA6D5C005B9693 /* NSMenuItem+SwiftUI.swift in Sources */ = {isa = PBXBuildFile; fileRef = 0E0D1EB928BA6D5C005B9693 /* NSMenuItem+SwiftUI.swift */; };
		0E0D1EC228BA8138005B9693 /* WattLauncherApp.swift in Sources */ = {isa = PBXBuildFile; fileRef = 0E0D1EC128BA8138005B9693 /* WattLauncherApp.swift */; };
		0E0D1ED028BA830B005B9693 /* WattLauncherAppDelegate.swift in Sources */ = {isa = PBXBuildFile; fileRef = 0E0D1ECF28BA830B005B9693 /* WattLauncherAppDelegate.swift */; };
		0E0D1ED228BA87C2005B9693 /* WattLauncher.app in CopyFiles */ = {isa = PBXBuildFile; fileRef = 0E0D1EBF28BA8138005B9693 /* WattLauncher.app */; settings = {ATTRIBUTES = (RemoveHeadersOnCopy, ); }; };
		0E0D1ED728BA8837005B9693 /* LauncherManager.swift in Sources */ = {isa = PBXBuildFile; fileRef = 0E0D1ED628BA8837005B9693 /* LauncherManager.swift */; };
		0E0D1ED928BA89FF005B9693 /* AutoLaunchView.swift in Sources */ = {isa = PBXBuildFile; fileRef = 0E0D1ED828BA89FF005B9693 /* AutoLaunchView.swift */; };
		0E0D1EDB28BA8B01005B9693 /* NSSwitch+SwiftUI.swift in Sources */ = {isa = PBXBuildFile; fileRef = 0E0D1EDA28BA8B01005B9693 /* NSSwitch+SwiftUI.swift */; };
		0E7176B728BCBB6900FF950D /* AutoLaunchViewModel.swift in Sources */ = {isa = PBXBuildFile; fileRef = 0E7176B628BCBB6900FF950D /* AutoLaunchViewModel.swift */; };
		0E7176BB28BD0F5400FF950D /* LauncherApp.swift in Sources */ = {isa = PBXBuildFile; fileRef = 0E7176BA28BD0F5400FF950D /* LauncherApp.swift */; };
		0E7176BD28BD152300FF950D /* PiyotasoView.swift in Sources */ = {isa = PBXBuildFile; fileRef = 0E7176BC28BD152300FF950D /* PiyotasoView.swift */; };
		0E7176BF28BD16D600FF950D /* AcknowledgmentsView.swift in Sources */ = {isa = PBXBuildFile; fileRef = 0E7176BE28BD16D600FF950D /* AcknowledgmentsView.swift */; };
/* End PBXBuildFile section */

/* Begin PBXContainerItemProxy section */
		0E0D1ED328BA87D4005B9693 /* PBXContainerItemProxy */ = {
			isa = PBXContainerItemProxy;
			containerPortal = 0E0D1E7028BA4999005B9693 /* Project object */;
			proxyType = 1;
			remoteGlobalIDString = 0E0D1EBE28BA8138005B9693;
			remoteInfo = WattLauncher;
		};
/* End PBXContainerItemProxy section */

/* Begin PBXCopyFilesBuildPhase section */
		0E0D1ED128BA8791005B9693 /* CopyFiles */ = {
			isa = PBXCopyFilesBuildPhase;
			buildActionMask = 2147483647;
			dstPath = Contents/Library/LoginItems;
			dstSubfolderSpec = 1;
			files = (
				0E0D1ED228BA87C2005B9693 /* WattLauncher.app in CopyFiles */,
			);
			runOnlyForDeploymentPostprocessing = 0;
		};
/* End PBXCopyFilesBuildPhase section */

/* Begin PBXFileReference section */
		0E04A62E28C3AA24005FC40A /* DIContainer.swift */ = {isa = PBXFileReference; lastKnownFileType = sourcecode.swift; path = DIContainer.swift; sourceTree = "<group>"; };
		0E0D1E7828BA4999005B9693 /* Watt.app */ = {isa = PBXFileReference; explicitFileType = wrapper.application; includeInIndex = 0; path = Watt.app; sourceTree = BUILT_PRODUCTS_DIR; };
		0E0D1E7B28BA4999005B9693 /* WattApp.swift */ = {isa = PBXFileReference; lastKnownFileType = sourcecode.swift; path = WattApp.swift; sourceTree = "<group>"; };
		0E0D1E7F28BA499A005B9693 /* Assets.xcassets */ = {isa = PBXFileReference; lastKnownFileType = folder.assetcatalog; path = Assets.xcassets; sourceTree = "<group>"; };
		0E0D1E8428BA499A005B9693 /* Watt.entitlements */ = {isa = PBXFileReference; lastKnownFileType = text.plist.entitlements; path = Watt.entitlements; sourceTree = "<group>"; };
		0E0D1E8A28BA4B33005B9693 /* Info.plist */ = {isa = PBXFileReference; lastKnownFileType = text.plist; path = Info.plist; sourceTree = "<group>"; };
		0E0D1E8B28BA4BFB005B9693 /* WattAppDelegate.swift */ = {isa = PBXFileReference; lastKnownFileType = sourcecode.swift; path = WattAppDelegate.swift; sourceTree = "<group>"; };
		0E0D1E8D28BA4C14005B9693 /* WattAppController.swift */ = {isa = PBXFileReference; lastKnownFileType = sourcecode.swift; path = WattAppController.swift; sourceTree = "<group>"; };
		0E0D1E9128BA5713005B9693 /* PowerSourceType.swift */ = {isa = PBXFileReference; fileEncoding = 4; lastKnownFileType = sourcecode.swift; path = PowerSourceType.swift; sourceTree = "<group>"; };
		0E0D1E9228BA5713005B9693 /* TransportType.swift */ = {isa = PBXFileReference; fileEncoding = 4; lastKnownFileType = sourcecode.swift; path = TransportType.swift; sourceTree = "<group>"; };
		0E0D1E9328BA5713005B9693 /* TimeRemainingEstimate.swift */ = {isa = PBXFileReference; fileEncoding = 4; lastKnownFileType = sourcecode.swift; path = TimeRemainingEstimate.swift; sourceTree = "<group>"; };
		0E0D1E9428BA5713005B9693 /* ProvidingPowerSourceType.swift */ = {isa = PBXFileReference; fileEncoding = 4; lastKnownFileType = sourcecode.swift; path = ProvidingPowerSourceType.swift; sourceTree = "<group>"; };
		0E0D1E9528BA5713005B9693 /* PowerSourceDescription.swift */ = {isa = PBXFileReference; fileEncoding = 4; lastKnownFileType = sourcecode.swift; path = PowerSourceDescription.swift; sourceTree = "<group>"; };
		0E0D1E9628BA5713005B9693 /* LowBatteryWarningLevel.swift */ = {isa = PBXFileReference; fileEncoding = 4; lastKnownFileType = sourcecode.swift; path = LowBatteryWarningLevel.swift; sourceTree = "<group>"; };
		0E0D1E9728BA5713005B9693 /* ExternalPowerAdapterDetails.swift */ = {isa = PBXFileReference; fileEncoding = 4; lastKnownFileType = sourcecode.swift; path = ExternalPowerAdapterDetails.swift; sourceTree = "<group>"; };
		0E0D1E9828BA5713005B9693 /* PowerSource.swift */ = {isa = PBXFileReference; fileEncoding = 4; lastKnownFileType = sourcecode.swift; path = PowerSource.swift; sourceTree = "<group>"; };
		0E0D1E9928BA5713005B9693 /* PowerSourceState.swift */ = {isa = PBXFileReference; fileEncoding = 4; lastKnownFileType = sourcecode.swift; path = PowerSourceState.swift; sourceTree = "<group>"; };
		0E0D1E9B28BA5713005B9693 /* Notification+RunLoop.swift */ = {isa = PBXFileReference; fileEncoding = 4; lastKnownFileType = sourcecode.swift; path = "Notification+RunLoop.swift"; sourceTree = "<group>"; };
		0E0D1E9C28BA5713005B9693 /* NotificationName.swift */ = {isa = PBXFileReference; fileEncoding = 4; lastKnownFileType = sourcecode.swift; path = NotificationName.swift; sourceTree = "<group>"; };
		0E0D1E9D28BA5713005B9693 /* Notification+Notify.swift */ = {isa = PBXFileReference; fileEncoding = 4; lastKnownFileType = sourcecode.swift; path = "Notification+Notify.swift"; sourceTree = "<group>"; };
		0E0D1E9E28BA5713005B9693 /* Notification+Combine.swift */ = {isa = PBXFileReference; fileEncoding = 4; lastKnownFileType = sourcecode.swift; path = "Notification+Combine.swift"; sourceTree = "<group>"; };
		0E0D1E9F28BA5713005B9693 /* Notification+Concurrency.swift */ = {isa = PBXFileReference; fileEncoding = 4; lastKnownFileType = sourcecode.swift; path = "Notification+Concurrency.swift"; sourceTree = "<group>"; };
		0E0D1EAE28BA6488005B9693 /* StatusItemManager.swift */ = {isa = PBXFileReference; lastKnownFileType = sourcecode.swift; path = StatusItemManager.swift; sourceTree = "<group>"; };
		0E0D1EB228BA6889005B9693 /* PowerAdapterInformationView.swift */ = {isa = PBXFileReference; lastKnownFileType = sourcecode.swift; path = PowerAdapterInformationView.swift; sourceTree = "<group>"; };
		0E0D1EB428BA6895005B9693 /* PowerAdapterInformationViewModel.swift */ = {isa = PBXFileReference; lastKnownFileType = sourcecode.swift; path = PowerAdapterInformationViewModel.swift; sourceTree = "<group>"; };
		0E0D1EB728BA6A43005B9693 /* QuitView.swift */ = {isa = PBXFileReference; lastKnownFileType = sourcecode.swift; path = QuitView.swift; sourceTree = "<group>"; };
		0E0D1EB928BA6D5C005B9693 /* NSMenuItem+SwiftUI.swift */ = {isa = PBXFileReference; lastKnownFileType = sourcecode.swift; path = "NSMenuItem+SwiftUI.swift"; sourceTree = "<group>"; };
		0E0D1EBF28BA8138005B9693 /* WattLauncher.app */ = {isa = PBXFileReference; explicitFileType = wrapper.application; includeInIndex = 0; path = WattLauncher.app; sourceTree = BUILT_PRODUCTS_DIR; };
		0E0D1EC128BA8138005B9693 /* WattLauncherApp.swift */ = {isa = PBXFileReference; lastKnownFileType = sourcecode.swift; path = WattLauncherApp.swift; sourceTree = "<group>"; };
		0E0D1ECE28BA8181005B9693 /* Info.plist */ = {isa = PBXFileReference; lastKnownFileType = text.plist; path = Info.plist; sourceTree = "<group>"; };
		0E0D1ECF28BA830B005B9693 /* WattLauncherAppDelegate.swift */ = {isa = PBXFileReference; lastKnownFileType = sourcecode.swift; path = WattLauncherAppDelegate.swift; sourceTree = "<group>"; };
		0E0D1ED628BA8837005B9693 /* LauncherManager.swift */ = {isa = PBXFileReference; lastKnownFileType = sourcecode.swift; path = LauncherManager.swift; sourceTree = "<group>"; };
		0E0D1ED828BA89FF005B9693 /* AutoLaunchView.swift */ = {isa = PBXFileReference; lastKnownFileType = sourcecode.swift; path = AutoLaunchView.swift; sourceTree = "<group>"; };
		0E0D1EDA28BA8B01005B9693 /* NSSwitch+SwiftUI.swift */ = {isa = PBXFileReference; lastKnownFileType = sourcecode.swift; path = "NSSwitch+SwiftUI.swift"; sourceTree = "<group>"; };
		0E7176B628BCBB6900FF950D /* AutoLaunchViewModel.swift */ = {isa = PBXFileReference; lastKnownFileType = sourcecode.swift; path = AutoLaunchViewModel.swift; sourceTree = "<group>"; };
		0E7176B928BD064700FF950D /* WattLauncher.entitlements */ = {isa = PBXFileReference; lastKnownFileType = text.plist.entitlements; path = WattLauncher.entitlements; sourceTree = "<group>"; };
		0E7176BA28BD0F5400FF950D /* LauncherApp.swift */ = {isa = PBXFileReference; lastKnownFileType = sourcecode.swift; path = LauncherApp.swift; sourceTree = "<group>"; };
		0E7176BC28BD152300FF950D /* PiyotasoView.swift */ = {isa = PBXFileReference; lastKnownFileType = sourcecode.swift; path = PiyotasoView.swift; sourceTree = "<group>"; };
		0E7176BE28BD16D600FF950D /* AcknowledgmentsView.swift */ = {isa = PBXFileReference; lastKnownFileType = sourcecode.swift; path = AcknowledgmentsView.swift; sourceTree = "<group>"; };
/* End PBXFileReference section */

/* Begin PBXFrameworksBuildPhase section */
		0E0D1E7528BA4999005B9693 /* Frameworks */ = {
			isa = PBXFrameworksBuildPhase;
			buildActionMask = 2147483647;
			files = (
			);
			runOnlyForDeploymentPostprocessing = 0;
		};
		0E0D1EBC28BA8138005B9693 /* Frameworks */ = {
			isa = PBXFrameworksBuildPhase;
			buildActionMask = 2147483647;
			files = (
			);
			runOnlyForDeploymentPostprocessing = 0;
		};
/* End PBXFrameworksBuildPhase section */

/* Begin PBXGroup section */
		0E04A62D28C3AA0F005FC40A /* DI */ = {
			isa = PBXGroup;
			children = (
				0E04A62E28C3AA24005FC40A /* DIContainer.swift */,
			);
			path = DI;
			sourceTree = "<group>";
		};
		0E0D1E6F28BA4999005B9693 = {
			isa = PBXGroup;
			children = (
				0E0D1E7A28BA4999005B9693 /* Watt */,
				0E0D1EC028BA8138005B9693 /* WattLauncher */,
				0E0D1E7928BA4999005B9693 /* Products */,
			);
			sourceTree = "<group>";
		};
		0E0D1E7928BA4999005B9693 /* Products */ = {
			isa = PBXGroup;
			children = (
				0E0D1E7828BA4999005B9693 /* Watt.app */,
				0E0D1EBF28BA8138005B9693 /* WattLauncher.app */,
			);
			name = Products;
			sourceTree = "<group>";
		};
		0E0D1E7A28BA4999005B9693 /* Watt */ = {
			isa = PBXGroup;
			children = (
				0E0D1E7F28BA499A005B9693 /* Assets.xcassets */,
				0E04A62D28C3AA0F005FC40A /* DI */,
				0E0D1E8A28BA4B33005B9693 /* Info.plist */,
				0E0D1E9028BA5713005B9693 /* IOPowerSources */,
				0E0D1ED528BA8821005B9693 /* Launcher */,
				0E0D1EB628BA69E0005B9693 /* Presentation */,
				0E0D1E8428BA499A005B9693 /* Watt.entitlements */,
				0E0D1E7B28BA4999005B9693 /* WattApp.swift */,
				0E0D1E8D28BA4C14005B9693 /* WattAppController.swift */,
				0E0D1E8B28BA4BFB005B9693 /* WattAppDelegate.swift */,
			);
			path = Watt;
			sourceTree = "<group>";
		};
		0E0D1E9028BA5713005B9693 /* IOPowerSources */ = {
			isa = PBXGroup;
			children = (
				0E0D1E9728BA5713005B9693 /* ExternalPowerAdapterDetails.swift */,
				0E0D1E9628BA5713005B9693 /* LowBatteryWarningLevel.swift */,
				0E0D1E9A28BA5713005B9693 /* Notifications */,
				0E0D1E9828BA5713005B9693 /* PowerSource.swift */,
				0E0D1E9528BA5713005B9693 /* PowerSourceDescription.swift */,
				0E0D1E9928BA5713005B9693 /* PowerSourceState.swift */,
				0E0D1E9128BA5713005B9693 /* PowerSourceType.swift */,
				0E0D1E9428BA5713005B9693 /* ProvidingPowerSourceType.swift */,
				0E0D1E9328BA5713005B9693 /* TimeRemainingEstimate.swift */,
				0E0D1E9228BA5713005B9693 /* TransportType.swift */,
			);
			path = IOPowerSources;
			sourceTree = "<group>";
		};
		0E0D1E9A28BA5713005B9693 /* Notifications */ = {
			isa = PBXGroup;
			children = (
				0E0D1E9E28BA5713005B9693 /* Notification+Combine.swift */,
				0E0D1E9F28BA5713005B9693 /* Notification+Concurrency.swift */,
				0E0D1E9D28BA5713005B9693 /* Notification+Notify.swift */,
				0E0D1E9B28BA5713005B9693 /* Notification+RunLoop.swift */,
				0E0D1E9C28BA5713005B9693 /* NotificationName.swift */,
			);
			path = Notifications;
			sourceTree = "<group>";
		};
		0E0D1EB628BA69E0005B9693 /* Presentation */ = {
			isa = PBXGroup;
			children = (
				0E7176BE28BD16D600FF950D /* AcknowledgmentsView.swift */,
				0E0D1ED828BA89FF005B9693 /* AutoLaunchView.swift */,
				0E7176B628BCBB6900FF950D /* AutoLaunchViewModel.swift */,
				0E0D1EB928BA6D5C005B9693 /* NSMenuItem+SwiftUI.swift */,
				0E0D1EDA28BA8B01005B9693 /* NSSwitch+SwiftUI.swift */,
				0E7176BC28BD152300FF950D /* PiyotasoView.swift */,
				0E0D1EB228BA6889005B9693 /* PowerAdapterInformationView.swift */,
				0E0D1EB428BA6895005B9693 /* PowerAdapterInformationViewModel.swift */,
				0E0D1EB728BA6A43005B9693 /* QuitView.swift */,
				0E0D1EAE28BA6488005B9693 /* StatusItemManager.swift */,
			);
			path = Presentation;
			sourceTree = "<group>";
		};
		0E0D1EC028BA8138005B9693 /* WattLauncher */ = {
			isa = PBXGroup;
			children = (
				0E0D1ECE28BA8181005B9693 /* Info.plist */,
				0E7176B928BD064700FF950D /* WattLauncher.entitlements */,
				0E0D1EC128BA8138005B9693 /* WattLauncherApp.swift */,
				0E0D1ECF28BA830B005B9693 /* WattLauncherAppDelegate.swift */,
			);
			path = WattLauncher;
			sourceTree = "<group>";
		};
		0E0D1ED528BA8821005B9693 /* Launcher */ = {
			isa = PBXGroup;
			children = (
				0E0D1ED628BA8837005B9693 /* LauncherManager.swift */,
				0E7176BA28BD0F5400FF950D /* LauncherApp.swift */,
			);
			path = Launcher;
			sourceTree = "<group>";
		};
/* End PBXGroup section */

/* Begin PBXNativeTarget section */
		0E0D1E7728BA4999005B9693 /* Watt */ = {
			isa = PBXNativeTarget;
			buildConfigurationList = 0E0D1E8728BA499A005B9693 /* Build configuration list for PBXNativeTarget "Watt" */;
			buildPhases = (
				0E0D1E8F28BA53BA005B9693 /* Run Script - swiftformat.sh */,
				0E0D1E7428BA4999005B9693 /* Sources */,
				0E0D1E7528BA4999005B9693 /* Frameworks */,
				0E0D1E7628BA4999005B9693 /* Resources */,
				0E0D1ED128BA8791005B9693 /* CopyFiles */,
			);
			buildRules = (
			);
			dependencies = (
				0E0D1ED428BA87D4005B9693 /* PBXTargetDependency */,
			);
			name = Watt;
			productName = Watt;
			productReference = 0E0D1E7828BA4999005B9693 /* Watt.app */;
			productType = "com.apple.product-type.application";
		};
		0E0D1EBE28BA8138005B9693 /* WattLauncher */ = {
			isa = PBXNativeTarget;
			buildConfigurationList = 0E0D1ECD28BA8139005B9693 /* Build configuration list for PBXNativeTarget "WattLauncher" */;
			buildPhases = (
				0E0D1EBB28BA8138005B9693 /* Sources */,
				0E0D1EBC28BA8138005B9693 /* Frameworks */,
				0E0D1EBD28BA8138005B9693 /* Resources */,
			);
			buildRules = (
			);
			dependencies = (
			);
			name = WattLauncher;
			productName = WattLauncher;
			productReference = 0E0D1EBF28BA8138005B9693 /* WattLauncher.app */;
			productType = "com.apple.product-type.application";
		};
/* End PBXNativeTarget section */

/* Begin PBXProject section */
		0E0D1E7028BA4999005B9693 /* Project object */ = {
			isa = PBXProject;
			attributes = {
				BuildIndependentTargetsInParallel = 1;
				LastSwiftUpdateCheck = 1340;
				LastUpgradeCheck = 1340;
				TargetAttributes = {
					0E0D1E7728BA4999005B9693 = {
						CreatedOnToolsVersion = 13.4.1;
					};
					0E0D1EBE28BA8138005B9693 = {
						CreatedOnToolsVersion = 13.4.1;
					};
				};
			};
			buildConfigurationList = 0E0D1E7328BA4999005B9693 /* Build configuration list for PBXProject "Watt" */;
			compatibilityVersion = "Xcode 13.0";
			developmentRegion = en;
			hasScannedForEncodings = 0;
			knownRegions = (
				en,
				Base,
			);
			mainGroup = 0E0D1E6F28BA4999005B9693;
			productRefGroup = 0E0D1E7928BA4999005B9693 /* Products */;
			projectDirPath = "";
			projectRoot = "";
			targets = (
				0E0D1E7728BA4999005B9693 /* Watt */,
				0E0D1EBE28BA8138005B9693 /* WattLauncher */,
			);
		};
/* End PBXProject section */

/* Begin PBXResourcesBuildPhase section */
		0E0D1E7628BA4999005B9693 /* Resources */ = {
			isa = PBXResourcesBuildPhase;
			buildActionMask = 2147483647;
			files = (
				0E0D1E8028BA499A005B9693 /* Assets.xcassets in Resources */,
			);
			runOnlyForDeploymentPostprocessing = 0;
		};
		0E0D1EBD28BA8138005B9693 /* Resources */ = {
			isa = PBXResourcesBuildPhase;
			buildActionMask = 2147483647;
			files = (
			);
			runOnlyForDeploymentPostprocessing = 0;
		};
/* End PBXResourcesBuildPhase section */

/* Begin PBXShellScriptBuildPhase section */
		0E0D1E8F28BA53BA005B9693 /* Run Script - swiftformat.sh */ = {
			isa = PBXShellScriptBuildPhase;
			buildActionMask = 2147483647;
			files = (
			);
			inputFileListPaths = (
			);
			inputPaths = (
			);
			name = "Run Script - swiftformat.sh";
			outputFileListPaths = (
			);
			outputPaths = (
			);
			runOnlyForDeploymentPostprocessing = 0;
			shellPath = /bin/sh;
			shellScript = "\"$SRCROOT/BuildTools/swiftformat.sh\"\n";
		};
/* End PBXShellScriptBuildPhase section */

/* Begin PBXSourcesBuildPhase section */
		0E0D1E7428BA4999005B9693 /* Sources */ = {
			isa = PBXSourcesBuildPhase;
			buildActionMask = 2147483647;
			files = (
				0E0D1EDB28BA8B01005B9693 /* NSSwitch+SwiftUI.swift in Sources */,
				0E7176BF28BD16D600FF950D /* AcknowledgmentsView.swift in Sources */,
				0E0D1EAD28BA5713005B9693 /* Notification+Concurrency.swift in Sources */,
				0E0D1EB328BA6889005B9693 /* PowerAdapterInformationView.swift in Sources */,
				0E0D1EA328BA5713005B9693 /* ProvidingPowerSourceType.swift in Sources */,
				0E0D1EBA28BA6D5C005B9693 /* NSMenuItem+SwiftUI.swift in Sources */,
				0E0D1EA628BA5713005B9693 /* ExternalPowerAdapterDetails.swift in Sources */,
				0E0D1EA428BA5713005B9693 /* PowerSourceDescription.swift in Sources */,
				0E0D1EAA28BA5713005B9693 /* NotificationName.swift in Sources */,
				0E0D1EAC28BA5713005B9693 /* Notification+Combine.swift in Sources */,
				0E0D1EA028BA5713005B9693 /* PowerSourceType.swift in Sources */,
				0E7176BB28BD0F5400FF950D /* LauncherApp.swift in Sources */,
				0E0D1EA828BA5713005B9693 /* PowerSourceState.swift in Sources */,
				0E0D1EA728BA5713005B9693 /* PowerSource.swift in Sources */,
				0E0D1EA228BA5713005B9693 /* TimeRemainingEstimate.swift in Sources */,
				0E0D1EAB28BA5713005B9693 /* Notification+Notify.swift in Sources */,
				0E0D1EA928BA5713005B9693 /* Notification+RunLoop.swift in Sources */,
				0E7176BD28BD152300FF950D /* PiyotasoView.swift in Sources */,
				0E0D1ED928BA89FF005B9693 /* AutoLaunchView.swift in Sources */,
				0E0D1EB528BA6895005B9693 /* PowerAdapterInformationViewModel.swift in Sources */,
				0E0D1ED728BA8837005B9693 /* LauncherManager.swift in Sources */,
				0E0D1EAF28BA6488005B9693 /* StatusItemManager.swift in Sources */,
				0E04A62F28C3AA24005FC40A /* DIContainer.swift in Sources */,
				0E0D1EB828BA6A43005B9693 /* QuitView.swift in Sources */,
				0E0D1E8E28BA4C14005B9693 /* WattAppController.swift in Sources */,
				0E0D1E7C28BA4999005B9693 /* WattApp.swift in Sources */,
				0E7176B728BCBB6900FF950D /* AutoLaunchViewModel.swift in Sources */,
				0E0D1EA128BA5713005B9693 /* TransportType.swift in Sources */,
				0E0D1EA528BA5713005B9693 /* LowBatteryWarningLevel.swift in Sources */,
				0E0D1E8C28BA4BFB005B9693 /* WattAppDelegate.swift in Sources */,
			);
			runOnlyForDeploymentPostprocessing = 0;
		};
		0E0D1EBB28BA8138005B9693 /* Sources */ = {
			isa = PBXSourcesBuildPhase;
			buildActionMask = 2147483647;
			files = (
				0E0D1EC228BA8138005B9693 /* WattLauncherApp.swift in Sources */,
				0E0D1ED028BA830B005B9693 /* WattLauncherAppDelegate.swift in Sources */,
			);
			runOnlyForDeploymentPostprocessing = 0;
		};
/* End PBXSourcesBuildPhase section */

/* Begin PBXTargetDependency section */
		0E0D1ED428BA87D4005B9693 /* PBXTargetDependency */ = {
			isa = PBXTargetDependency;
			target = 0E0D1EBE28BA8138005B9693 /* WattLauncher */;
			targetProxy = 0E0D1ED328BA87D4005B9693 /* PBXContainerItemProxy */;
		};
/* End PBXTargetDependency section */

/* Begin XCBuildConfiguration section */
		0E0D1E8528BA499A005B9693 /* Debug */ = {
			isa = XCBuildConfiguration;
			buildSettings = {
				ALWAYS_SEARCH_USER_PATHS = NO;
				CLANG_ANALYZER_NONNULL = YES;
				CLANG_ANALYZER_NUMBER_OBJECT_CONVERSION = YES_AGGRESSIVE;
				CLANG_CXX_LANGUAGE_STANDARD = "gnu++17";
				CLANG_ENABLE_MODULES = YES;
				CLANG_ENABLE_OBJC_ARC = YES;
				CLANG_ENABLE_OBJC_WEAK = YES;
				CLANG_WARN_BLOCK_CAPTURE_AUTORELEASING = YES;
				CLANG_WARN_BOOL_CONVERSION = YES;
				CLANG_WARN_COMMA = YES;
				CLANG_WARN_CONSTANT_CONVERSION = YES;
				CLANG_WARN_DEPRECATED_OBJC_IMPLEMENTATIONS = YES;
				CLANG_WARN_DIRECT_OBJC_ISA_USAGE = YES_ERROR;
				CLANG_WARN_DOCUMENTATION_COMMENTS = YES;
				CLANG_WARN_EMPTY_BODY = YES;
				CLANG_WARN_ENUM_CONVERSION = YES;
				CLANG_WARN_INFINITE_RECURSION = YES;
				CLANG_WARN_INT_CONVERSION = YES;
				CLANG_WARN_NON_LITERAL_NULL_CONVERSION = YES;
				CLANG_WARN_OBJC_IMPLICIT_RETAIN_SELF = YES;
				CLANG_WARN_OBJC_LITERAL_CONVERSION = YES;
				CLANG_WARN_OBJC_ROOT_CLASS = YES_ERROR;
				CLANG_WARN_QUOTED_INCLUDE_IN_FRAMEWORK_HEADER = YES;
				CLANG_WARN_RANGE_LOOP_ANALYSIS = YES;
				CLANG_WARN_STRICT_PROTOTYPES = YES;
				CLANG_WARN_SUSPICIOUS_MOVE = YES;
				CLANG_WARN_UNGUARDED_AVAILABILITY = YES_AGGRESSIVE;
				CLANG_WARN_UNREACHABLE_CODE = YES;
				CLANG_WARN__DUPLICATE_METHOD_MATCH = YES;
				COPY_PHASE_STRIP = NO;
				DEBUG_INFORMATION_FORMAT = dwarf;
				ENABLE_STRICT_OBJC_MSGSEND = YES;
				ENABLE_TESTABILITY = YES;
				GCC_C_LANGUAGE_STANDARD = gnu11;
				GCC_DYNAMIC_NO_PIC = NO;
				GCC_NO_COMMON_BLOCKS = YES;
				GCC_OPTIMIZATION_LEVEL = 0;
				GCC_PREPROCESSOR_DEFINITIONS = (
					"DEBUG=1",
					"$(inherited)",
				);
				GCC_WARN_64_TO_32_BIT_CONVERSION = YES;
				GCC_WARN_ABOUT_RETURN_TYPE = YES_ERROR;
				GCC_WARN_UNDECLARED_SELECTOR = YES;
				GCC_WARN_UNINITIALIZED_AUTOS = YES_AGGRESSIVE;
				GCC_WARN_UNUSED_FUNCTION = YES;
				GCC_WARN_UNUSED_VARIABLE = YES;
				MACOSX_DEPLOYMENT_TARGET = 11.0;
				MTL_ENABLE_DEBUG_INFO = INCLUDE_SOURCE;
				MTL_FAST_MATH = YES;
				ONLY_ACTIVE_ARCH = YES;
				SDKROOT = macosx;
				SWIFT_ACTIVE_COMPILATION_CONDITIONS = DEBUG;
				SWIFT_OPTIMIZATION_LEVEL = "-Onone";
			};
			name = Debug;
		};
		0E0D1E8628BA499A005B9693 /* Release */ = {
			isa = XCBuildConfiguration;
			buildSettings = {
				ALWAYS_SEARCH_USER_PATHS = NO;
				CLANG_ANALYZER_NONNULL = YES;
				CLANG_ANALYZER_NUMBER_OBJECT_CONVERSION = YES_AGGRESSIVE;
				CLANG_CXX_LANGUAGE_STANDARD = "gnu++17";
				CLANG_ENABLE_MODULES = YES;
				CLANG_ENABLE_OBJC_ARC = YES;
				CLANG_ENABLE_OBJC_WEAK = YES;
				CLANG_WARN_BLOCK_CAPTURE_AUTORELEASING = YES;
				CLANG_WARN_BOOL_CONVERSION = YES;
				CLANG_WARN_COMMA = YES;
				CLANG_WARN_CONSTANT_CONVERSION = YES;
				CLANG_WARN_DEPRECATED_OBJC_IMPLEMENTATIONS = YES;
				CLANG_WARN_DIRECT_OBJC_ISA_USAGE = YES_ERROR;
				CLANG_WARN_DOCUMENTATION_COMMENTS = YES;
				CLANG_WARN_EMPTY_BODY = YES;
				CLANG_WARN_ENUM_CONVERSION = YES;
				CLANG_WARN_INFINITE_RECURSION = YES;
				CLANG_WARN_INT_CONVERSION = YES;
				CLANG_WARN_NON_LITERAL_NULL_CONVERSION = YES;
				CLANG_WARN_OBJC_IMPLICIT_RETAIN_SELF = YES;
				CLANG_WARN_OBJC_LITERAL_CONVERSION = YES;
				CLANG_WARN_OBJC_ROOT_CLASS = YES_ERROR;
				CLANG_WARN_QUOTED_INCLUDE_IN_FRAMEWORK_HEADER = YES;
				CLANG_WARN_RANGE_LOOP_ANALYSIS = YES;
				CLANG_WARN_STRICT_PROTOTYPES = YES;
				CLANG_WARN_SUSPICIOUS_MOVE = YES;
				CLANG_WARN_UNGUARDED_AVAILABILITY = YES_AGGRESSIVE;
				CLANG_WARN_UNREACHABLE_CODE = YES;
				CLANG_WARN__DUPLICATE_METHOD_MATCH = YES;
				COPY_PHASE_STRIP = NO;
				DEBUG_INFORMATION_FORMAT = "dwarf-with-dsym";
				ENABLE_NS_ASSERTIONS = NO;
				ENABLE_STRICT_OBJC_MSGSEND = YES;
				GCC_C_LANGUAGE_STANDARD = gnu11;
				GCC_NO_COMMON_BLOCKS = YES;
				GCC_WARN_64_TO_32_BIT_CONVERSION = YES;
				GCC_WARN_ABOUT_RETURN_TYPE = YES_ERROR;
				GCC_WARN_UNDECLARED_SELECTOR = YES;
				GCC_WARN_UNINITIALIZED_AUTOS = YES_AGGRESSIVE;
				GCC_WARN_UNUSED_FUNCTION = YES;
				GCC_WARN_UNUSED_VARIABLE = YES;
				MACOSX_DEPLOYMENT_TARGET = 11.0;
				MTL_ENABLE_DEBUG_INFO = NO;
				MTL_FAST_MATH = YES;
				SDKROOT = macosx;
				SWIFT_COMPILATION_MODE = wholemodule;
				SWIFT_OPTIMIZATION_LEVEL = "-O";
			};
			name = Release;
		};
		0E0D1E8828BA499A005B9693 /* Debug */ = {
			isa = XCBuildConfiguration;
			buildSettings = {
				ASSETCATALOG_COMPILER_APPICON_NAME = AppIcon;
				ASSETCATALOG_COMPILER_GLOBAL_ACCENT_COLOR_NAME = AccentColor;
				CODE_SIGN_ENTITLEMENTS = Watt/Watt.entitlements;
				CODE_SIGN_IDENTITY = "Mac Developer";
				CODE_SIGN_STYLE = Manual;
				COMBINE_HIDPI_IMAGES = YES;
				CURRENT_PROJECT_VERSION = 1;
				DEVELOPMENT_TEAM = 65W3HJERJX;
				ENABLE_PREVIEWS = YES;
				GENERATE_INFOPLIST_FILE = YES;
				INFOPLIST_FILE = Watt/Info.plist;
				INFOPLIST_KEY_LSApplicationCategoryType = "public.app-category.utilities";
				INFOPLIST_KEY_NSHumanReadableCopyright = "";
				LD_RUNPATH_SEARCH_PATHS = (
					"$(inherited)",
					"@executable_path/../Frameworks",
				);
				MARKETING_VERSION = 1.0;
				PRODUCT_BUNDLE_IDENTIFIER = net.yaslab.watt;
				PRODUCT_NAME = "$(TARGET_NAME)";
				PROVISIONING_PROFILE_SPECIFIER = "Wildcard Development macOS";
				SWIFT_EMIT_LOC_STRINGS = YES;
				SWIFT_VERSION = 5.0;
			};
			name = Debug;
		};
		0E0D1E8928BA499A005B9693 /* Release */ = {
			isa = XCBuildConfiguration;
			buildSettings = {
				ASSETCATALOG_COMPILER_APPICON_NAME = AppIcon;
				ASSETCATALOG_COMPILER_GLOBAL_ACCENT_COLOR_NAME = AccentColor;
				CODE_SIGN_ENTITLEMENTS = Watt/Watt.entitlements;
				CODE_SIGN_IDENTITY = "3rd Party Mac Developer Application";
				CODE_SIGN_STYLE = Manual;
				COMBINE_HIDPI_IMAGES = YES;
				CURRENT_PROJECT_VERSION = 1;
				DEVELOPMENT_TEAM = 65W3HJERJX;
				ENABLE_PREVIEWS = YES;
				GENERATE_INFOPLIST_FILE = YES;
				INFOPLIST_FILE = Watt/Info.plist;
				INFOPLIST_KEY_LSApplicationCategoryType = "public.app-category.utilities";
				INFOPLIST_KEY_NSHumanReadableCopyright = "";
				LD_RUNPATH_SEARCH_PATHS = (
					"$(inherited)",
					"@executable_path/../Frameworks",
				);
				MARKETING_VERSION = 1.0;
				PRODUCT_BUNDLE_IDENTIFIER = net.yaslab.watt;
				PRODUCT_NAME = "$(TARGET_NAME)";
				PROVISIONING_PROFILE_SPECIFIER = "Watt App";
				SWIFT_EMIT_LOC_STRINGS = YES;
				SWIFT_VERSION = 5.0;
			};
			name = Release;
		};
		0E0D1ECB28BA8139005B9693 /* Debug */ = {
			isa = XCBuildConfiguration;
			buildSettings = {
				CODE_SIGN_ENTITLEMENTS = WattLauncher/WattLauncher.entitlements;
				CODE_SIGN_IDENTITY = "Mac Developer";
				CODE_SIGN_STYLE = Manual;
				COMBINE_HIDPI_IMAGES = YES;
				CURRENT_PROJECT_VERSION = 1;
				DEVELOPMENT_TEAM = 65W3HJERJX;
				ENABLE_PREVIEWS = YES;
				GENERATE_INFOPLIST_FILE = YES;
				INFOPLIST_FILE = WattLauncher/Info.plist;
				INFOPLIST_KEY_NSHumanReadableCopyright = "";
				LD_RUNPATH_SEARCH_PATHS = (
					"$(inherited)",
					"@executable_path/../Frameworks",
				);
				MARKETING_VERSION = 1.0;
				PRODUCT_BUNDLE_IDENTIFIER = net.yaslab.watt.launcher;
				PRODUCT_NAME = "$(TARGET_NAME)";
				PROVISIONING_PROFILE_SPECIFIER = "Wildcard Development macOS";
				SKIP_INSTALL = YES;
				SWIFT_EMIT_LOC_STRINGS = YES;
				SWIFT_VERSION = 5.0;
			};
			name = Debug;
		};
		0E0D1ECC28BA8139005B9693 /* Release */ = {
			isa = XCBuildConfiguration;
			buildSettings = {
				CODE_SIGN_ENTITLEMENTS = WattLauncher/WattLauncher.entitlements;
				CODE_SIGN_IDENTITY = "3rd Party Mac Developer Application";
				CODE_SIGN_STYLE = Manual;
				COMBINE_HIDPI_IMAGES = YES;
				CURRENT_PROJECT_VERSION = 1;
				DEVELOPMENT_TEAM = 65W3HJERJX;
				ENABLE_PREVIEWS = YES;
				GENERATE_INFOPLIST_FILE = YES;
				INFOPLIST_FILE = WattLauncher/Info.plist;
				INFOPLIST_KEY_NSHumanReadableCopyright = "";
				LD_RUNPATH_SEARCH_PATHS = (
					"$(inherited)",
					"@executable_path/../Frameworks",
				);
				MARKETING_VERSION = 1.0;
				PRODUCT_BUNDLE_IDENTIFIER = net.yaslab.watt.launcher;
				PRODUCT_NAME = "$(TARGET_NAME)";
				PROVISIONING_PROFILE_SPECIFIER = "Watt App Launcher";
				SKIP_INSTALL = YES;
				SWIFT_EMIT_LOC_STRINGS = YES;
				SWIFT_VERSION = 5.0;
			};
			name = Release;
		};
/* End XCBuildConfiguration section */

/* Begin XCConfigurationList section */
		0E0D1E7328BA4999005B9693 /* Build configuration list for PBXProject "Watt" */ = {
			isa = XCConfigurationList;
			buildConfigurations = (
				0E0D1E8528BA499A005B9693 /* Debug */,
				0E0D1E8628BA499A005B9693 /* Release */,
			);
			defaultConfigurationIsVisible = 0;
			defaultConfigurationName = Release;
		};
		0E0D1E8728BA499A005B9693 /* Build configuration list for PBXNativeTarget "Watt" */ = {
			isa = XCConfigurationList;
			buildConfigurations = (
				0E0D1E8828BA499A005B9693 /* Debug */,
				0E0D1E8928BA499A005B9693 /* Release */,
			);
			defaultConfigurationIsVisible = 0;
			defaultConfigurationName = Release;
		};
		0E0D1ECD28BA8139005B9693 /* Build configuration list for PBXNativeTarget "WattLauncher" */ = {
			isa = XCConfigurationList;
			buildConfigurations = (
				0E0D1ECB28BA8139005B9693 /* Debug */,
				0E0D1ECC28BA8139005B9693 /* Release */,
			);
			defaultConfigurationIsVisible = 0;
			defaultConfigurationName = Release;
		};
/* End XCConfigurationList section */
	};
	rootObject = 0E0D1E7028BA4999005B9693 /* Project object */;
}
